// !$*UTF8*$!
{
	archiveVersion = 1;
	classes = {
	};
	objectVersion = 55;
	objects = {

/* Begin PBXBuildFile section */
		C321525C27712ADA00E6CC16 /* AppDelegate.swift in Sources */ = {isa = PBXBuildFile; fileRef = C321525B27712ADA00E6CC16 /* AppDelegate.swift */; };
		C321525E27712ADA00E6CC16 /* art.scnassets in Resources */ = {isa = PBXBuildFile; fileRef = C321525D27712ADA00E6CC16 /* art.scnassets */; };
		C321526027712ADA00E6CC16 /* ViewController.swift in Sources */ = {isa = PBXBuildFile; fileRef = C321525F27712ADA00E6CC16 /* ViewController.swift */; };
		C321526327712ADA00E6CC16 /* Main.storyboard in Resources */ = {isa = PBXBuildFile; fileRef = C321526127712ADA00E6CC16 /* Main.storyboard */; };
		C321526527712ADD00E6CC16 /* Assets.xcassets in Resources */ = {isa = PBXBuildFile; fileRef = C321526427712ADD00E6CC16 /* Assets.xcassets */; };
		C321526827712ADD00E6CC16 /* LaunchScreen.storyboard in Resources */ = {isa = PBXBuildFile; fileRef = C321526627712ADD00E6CC16 /* LaunchScreen.storyboard */; };
		C369FD2E277E493900DFD9A6 /* DisplayPokedexVideo.swift in Sources */ = {isa = PBXBuildFile; fileRef = C369FD2D277E493900DFD9A6 /* DisplayPokedexVideo.swift */; };
		C369FD30277E4ADE00DFD9A6 /* DeterminePokemon.swift in Sources */ = {isa = PBXBuildFile; fileRef = C369FD2F277E4ADE00DFD9A6 /* DeterminePokemon.swift */; };
		C385D1C627728467007B786C /* Pikachu.mp4 in Resources */ = {isa = PBXBuildFile; fileRef = C385D1C327728467007B786C /* Pikachu.mp4 */; };
		C385D1C727728467007B786C /* Charmander.mp4 in Resources */ = {isa = PBXBuildFile; fileRef = C385D1C427728467007B786C /* Charmander.mp4 */; };
		C385D1C827728467007B786C /* Beedrill.mp4 in Resources */ = {isa = PBXBuildFile; fileRef = C385D1C527728467007B786C /* Beedrill.mp4 */; };
		C39DEAE72775333200D683E1 /* Render3dPokemon.swift in Sources */ = {isa = PBXBuildFile; fileRef = C39DEAE62775333200D683E1 /* Render3dPokemon.swift */; };
/* End PBXBuildFile section */

/* Begin PBXFileReference section */
		C321525827712ADA00E6CC16 /* Poke3D.app */ = {isa = PBXFileReference; explicitFileType = wrapper.application; includeInIndex = 0; path = Poke3D.app; sourceTree = BUILT_PRODUCTS_DIR; };
		C321525B27712ADA00E6CC16 /* AppDelegate.swift */ = {isa = PBXFileReference; lastKnownFileType = sourcecode.swift; path = AppDelegate.swift; sourceTree = "<group>"; };
		C321525D27712ADA00E6CC16 /* art.scnassets */ = {isa = PBXFileReference; lastKnownFileType = wrapper.scnassets; path = art.scnassets; sourceTree = "<group>"; };
		C321525F27712ADA00E6CC16 /* ViewController.swift */ = {isa = PBXFileReference; lastKnownFileType = sourcecode.swift; path = ViewController.swift; sourceTree = "<group>"; };
		C321526227712ADA00E6CC16 /* Base */ = {isa = PBXFileReference; lastKnownFileType = file.storyboard; name = Base; path = Base.lproj/Main.storyboard; sourceTree = "<group>"; };
		C321526427712ADD00E6CC16 /* Assets.xcassets */ = {isa = PBXFileReference; lastKnownFileType = folder.assetcatalog; path = Assets.xcassets; sourceTree = "<group>"; };
		C321526727712ADD00E6CC16 /* Base */ = {isa = PBXFileReference; lastKnownFileType = file.storyboard; name = Base; path = Base.lproj/LaunchScreen.storyboard; sourceTree = "<group>"; };
		C369FD2D277E493900DFD9A6 /* DisplayPokedexVideo.swift */ = {isa = PBXFileReference; lastKnownFileType = sourcecode.swift; path = DisplayPokedexVideo.swift; sourceTree = "<group>"; };
		C369FD2F277E4ADE00DFD9A6 /* DeterminePokemon.swift */ = {isa = PBXFileReference; lastKnownFileType = sourcecode.swift; path = DeterminePokemon.swift; sourceTree = "<group>"; };
		C385D1C327728467007B786C /* Pikachu.mp4 */ = {isa = PBXFileReference; lastKnownFileType = file; name = Pikachu.mp4; path = ../../../../../Downloads/Pikachu.mp4; sourceTree = "<group>"; };
		C385D1C427728467007B786C /* Charmander.mp4 */ = {isa = PBXFileReference; lastKnownFileType = file; name = Charmander.mp4; path = ../../../../../Downloads/Charmander.mp4; sourceTree = "<group>"; };
		C385D1C527728467007B786C /* Beedrill.mp4 */ = {isa = PBXFileReference; lastKnownFileType = file; name = Beedrill.mp4; path = ../../../../../Downloads/Beedrill.mp4; sourceTree = "<group>"; };
		C39DEAE62775333200D683E1 /* Render3dPokemon.swift */ = {isa = PBXFileReference; lastKnownFileType = sourcecode.swift; path = Render3dPokemon.swift; sourceTree = "<group>"; };
/* End PBXFileReference section */

/* Begin PBXFrameworksBuildPhase section */
		C321525527712ADA00E6CC16 /* Frameworks */ = {
			isa = PBXFrameworksBuildPhase;
			buildActionMask = 2147483647;
			files = (
			);
			runOnlyForDeploymentPostprocessing = 0;
		};
/* End PBXFrameworksBuildPhase section */

/* Begin PBXGroup section */
		C321524F27712ADA00E6CC16 = {
			isa = PBXGroup;
			children = (
				C321525A27712ADA00E6CC16 /* Poke3D */,
				C321525927712ADA00E6CC16 /* Products */,
			);
			sourceTree = "<group>";
		};
		C321525927712ADA00E6CC16 /* Products */ = {
			isa = PBXGroup;
			children = (
				C321525827712ADA00E6CC16 /* Poke3D.app */,
			);
			name = Products;
			sourceTree = "<group>";
		};
		C321525A27712ADA00E6CC16 /* Poke3D */ = {
			isa = PBXGroup;
			children = (
				C385D1C527728467007B786C /* Beedrill.mp4 */,
				C385D1C427728467007B786C /* Charmander.mp4 */,
				C385D1C327728467007B786C /* Pikachu.mp4 */,
				C321525B27712ADA00E6CC16 /* AppDelegate.swift */,
				C321525D27712ADA00E6CC16 /* art.scnassets */,
				C39DEAE327752E6100D683E1 /* Models */,
				C39DEAE4277531FD00D683E1 /* Views */,
				C39DEAE52775321200D683E1 /* Controller */,
				C321526427712ADD00E6CC16 /* Assets.xcassets */,
				C321526627712ADD00E6CC16 /* LaunchScreen.storyboard */,
			);
			path = Poke3D;
			sourceTree = "<group>";
		};
		C39DEAE327752E6100D683E1 /* Models */ = {
			isa = PBXGroup;
			children = (
				C39DEAE62775333200D683E1 /* Render3dPokemon.swift */,
				C369FD2F277E4ADE00DFD9A6 /* DeterminePokemon.swift */,
				C369FD2D277E493900DFD9A6 /* DisplayPokedexVideo.swift */,
			);
			path = Models;
			sourceTree = "<group>";
		};
		C39DEAE4277531FD00D683E1 /* Views */ = {
			isa = PBXGroup;
			children = (
				C321526127712ADA00E6CC16 /* Main.storyboard */,
			);
			path = Views;
			sourceTree = "<group>";
		};
		C39DEAE52775321200D683E1 /* Controller */ = {
			isa = PBXGroup;
			children = (
				C321525F27712ADA00E6CC16 /* ViewController.swift */,
			);
			path = Controller;
			sourceTree = "<group>";
		};
/* End PBXGroup section */

/* Begin PBXNativeTarget section */
		C321525727712ADA00E6CC16 /* Poke3D */ = {
			isa = PBXNativeTarget;
			buildConfigurationList = C321526B27712ADD00E6CC16 /* Build configuration list for PBXNativeTarget "Poke3D" */;
			buildPhases = (
				C321525427712ADA00E6CC16 /* Sources */,
				C321525527712ADA00E6CC16 /* Frameworks */,
				C321525627712ADA00E6CC16 /* Resources */,
			);
			buildRules = (
			);
			dependencies = (
			);
			name = Poke3D;
			productName = Poke3D;
			productReference = C321525827712ADA00E6CC16 /* Poke3D.app */;
			productType = "com.apple.product-type.application";
		};
/* End PBXNativeTarget section */

/* Begin PBXProject section */
		C321525027712ADA00E6CC16 /* Project object */ = {
			isa = PBXProject;
			attributes = {
				BuildIndependentTargetsInParallel = 1;
				LastSwiftUpdateCheck = 1310;
				LastUpgradeCheck = 1310;
				TargetAttributes = {
					C321525727712ADA00E6CC16 = {
						CreatedOnToolsVersion = 13.1;
					};
				};
			};
			buildConfigurationList = C321525327712ADA00E6CC16 /* Build configuration list for PBXProject "Poke3D" */;
			compatibilityVersion = "Xcode 13.0";
			developmentRegion = en;
			hasScannedForEncodings = 0;
			knownRegions = (
				en,
				Base,
			);
			mainGroup = C321524F27712ADA00E6CC16;
			productRefGroup = C321525927712ADA00E6CC16 /* Products */;
			projectDirPath = "";
			projectRoot = "";
			targets = (
				C321525727712ADA00E6CC16 /* Poke3D */,
			);
		};
/* End PBXProject section */

/* Begin PBXResourcesBuildPhase section */
		C321525627712ADA00E6CC16 /* Resources */ = {
			isa = PBXResourcesBuildPhase;
			buildActionMask = 2147483647;
			files = (
				C321525E27712ADA00E6CC16 /* art.scnassets in Resources */,
				C321526827712ADD00E6CC16 /* LaunchScreen.storyboard in Resources */,
				C385D1C827728467007B786C /* Beedrill.mp4 in Resources */,
				C321526527712ADD00E6CC16 /* Assets.xcassets in Resources */,
				C385D1C627728467007B786C /* Pikachu.mp4 in Resources */,
				C385D1C727728467007B786C /* Charmander.mp4 in Resources */,
				C321526327712ADA00E6CC16 /* Main.storyboard in Resources */,
			);
			runOnlyForDeploymentPostprocessing = 0;
		};
/* End PBXResourcesBuildPhase section */

/* Begin PBXSourcesBuildPhase section */
		C321525427712ADA00E6CC16 /* Sources */ = {
			isa = PBXSourcesBuildPhase;
			buildActionMask = 2147483647;
			files = (
				C321526027712ADA00E6CC16 /* ViewController.swift in Sources */,
				C369FD30277E4ADE00DFD9A6 /* DeterminePokemon.swift in Sources */,
				C369FD2E277E493900DFD9A6 /* DisplayPokedexVideo.swift in Sources */,
				C39DEAE72775333200D683E1 /* Render3dPokemon.swift in Sources */,
				C321525C27712ADA00E6CC16 /* AppDelegate.swift in Sources */,
			);
			runOnlyForDeploymentPostprocessing = 0;
		};
/* End PBXSourcesBuildPhase section */

/* Begin PBXVariantGroup section */
		C321526127712ADA00E6CC16 /* Main.storyboard */ = {
			isa = PBXVariantGroup;
			children = (
				C321526227712ADA00E6CC16 /* Base */,
			);
			name = Main.storyboard;
			sourceTree = "<group>";
		};
		C321526627712ADD00E6CC16 /* LaunchScreen.storyboard */ = {
			isa = PBXVariantGroup;
			children = (
				C321526727712ADD00E6CC16 /* Base */,
			);
			name = LaunchScreen.storyboard;
			sourceTree = "<group>";
		};
/* End PBXVariantGroup section */

/* Begin XCBuildConfiguration section */
		C321526927712ADD00E6CC16 /* Debug */ = {
			isa = XCBuildConfiguration;
			buildSettings = {
				ALWAYS_SEARCH_USER_PATHS = NO;
				CLANG_ANALYZER_NONNULL = YES;
				CLANG_ANALYZER_NUMBER_OBJECT_CONVERSION = YES_AGGRESSIVE;
				CLANG_CXX_LANGUAGE_STANDARD = "gnu++17";
				CLANG_CXX_LIBRARY = "libc++";
				CLANG_ENABLE_MODULES = YES;
				CLANG_ENABLE_OBJC_ARC = YES;
				CLANG_ENABLE_OBJC_WEAK = YES;
				CLANG_WARN_BLOCK_CAPTURE_AUTORELEASING = YES;
				CLANG_WARN_BOOL_CONVERSION = YES;
				CLANG_WARN_COMMA = YES;
				CLANG_WARN_CONSTANT_CONVERSION = YES;
				CLANG_WARN_DEPRECATED_OBJC_IMPLEMENTATIONS = YES;
				CLANG_WARN_DIRECT_OBJC_ISA_USAGE = YES_ERROR;
				CLANG_WARN_DOCUMENTATION_COMMENTS = YES;
				CLANG_WARN_EMPTY_BODY = YES;
				CLANG_WARN_ENUM_CONVERSION = YES;
				CLANG_WARN_INFINITE_RECURSION = YES;
				CLANG_WARN_INT_CONVERSION = YES;
				CLANG_WARN_NON_LITERAL_NULL_CONVERSION = YES;
				CLANG_WARN_OBJC_IMPLICIT_RETAIN_SELF = YES;
				CLANG_WARN_OBJC_LITERAL_CONVERSION = YES;
				CLANG_WARN_OBJC_ROOT_CLASS = YES_ERROR;
				CLANG_WARN_QUOTED_INCLUDE_IN_FRAMEWORK_HEADER = YES;
				CLANG_WARN_RANGE_LOOP_ANALYSIS = YES;
				CLANG_WARN_STRICT_PROTOTYPES = YES;
				CLANG_WARN_SUSPICIOUS_MOVE = YES;
				CLANG_WARN_UNGUARDED_AVAILABILITY = YES_AGGRESSIVE;
				CLANG_WARN_UNREACHABLE_CODE = YES;
				CLANG_WARN__DUPLICATE_METHOD_MATCH = YES;
				COPY_PHASE_STRIP = NO;
				DEBUG_INFORMATION_FORMAT = dwarf;
				ENABLE_STRICT_OBJC_MSGSEND = YES;
				ENABLE_TESTABILITY = YES;
				GCC_C_LANGUAGE_STANDARD = gnu11;
				GCC_DYNAMIC_NO_PIC = NO;
				GCC_NO_COMMON_BLOCKS = YES;
				GCC_OPTIMIZATION_LEVEL = 0;
				GCC_PREPROCESSOR_DEFINITIONS = (
					"DEBUG=1",
					"$(inherited)",
				);
				GCC_WARN_64_TO_32_BIT_CONVERSION = YES;
				GCC_WARN_ABOUT_RETURN_TYPE = YES_ERROR;
				GCC_WARN_UNDECLARED_SELECTOR = YES;
				GCC_WARN_UNINITIALIZED_AUTOS = YES_AGGRESSIVE;
				GCC_WARN_UNUSED_FUNCTION = YES;
				GCC_WARN_UNUSED_VARIABLE = YES;
				IPHONEOS_DEPLOYMENT_TARGET = 15.0;
				MTL_ENABLE_DEBUG_INFO = INCLUDE_SOURCE;
				MTL_FAST_MATH = YES;
				ONLY_ACTIVE_ARCH = YES;
				SDKROOT = iphoneos;
				SWIFT_ACTIVE_COMPILATION_CONDITIONS = DEBUG;
				SWIFT_OPTIMIZATION_LEVEL = "-Onone";
			};
			name = Debug;
		};
		C321526A27712ADD00E6CC16 /* Release */ = {
			isa = XCBuildConfiguration;
			buildSettings = {
				ALWAYS_SEARCH_USER_PATHS = NO;
				CLANG_ANALYZER_NONNULL = YES;
				CLANG_ANALYZER_NUMBER_OBJECT_CONVERSION = YES_AGGRESSIVE;
				CLANG_CXX_LANGUAGE_STANDARD = "gnu++17";
				CLANG_CXX_LIBRARY = "libc++";
				CLANG_ENABLE_MODULES = YES;
				CLANG_ENABLE_OBJC_ARC = YES;
				CLANG_ENABLE_OBJC_WEAK = YES;
				CLANG_WARN_BLOCK_CAPTURE_AUTORELEASING = YES;
				CLANG_WARN_BOOL_CONVERSION = YES;
				CLANG_WARN_COMMA = YES;
				CLANG_WARN_CONSTANT_CONVERSION = YES;
				CLANG_WARN_DEPRECATED_OBJC_IMPLEMENTATIONS = YES;
				CLANG_WARN_DIRECT_OBJC_ISA_USAGE = YES_ERROR;
				CLANG_WARN_DOCUMENTATION_COMMENTS = YES;
				CLANG_WARN_EMPTY_BODY = YES;
				CLANG_WARN_ENUM_CONVERSION = YES;
				CLANG_WARN_INFINITE_RECURSION = YES;
				CLANG_WARN_INT_CONVERSION = YES;
				CLANG_WARN_NON_LITERAL_NULL_CONVERSION = YES;
				CLANG_WARN_OBJC_IMPLICIT_RETAIN_SELF = YES;
				CLANG_WARN_OBJC_LITERAL_CONVERSION = YES;
				CLANG_WARN_OBJC_ROOT_CLASS = YES_ERROR;
				CLANG_WARN_QUOTED_INCLUDE_IN_FRAMEWORK_HEADER = YES;
				CLANG_WARN_RANGE_LOOP_ANALYSIS = YES;
				CLANG_WARN_STRICT_PROTOTYPES = YES;
				CLANG_WARN_SUSPICIOUS_MOVE = YES;
				CLANG_WARN_UNGUARDED_AVAILABILITY = YES_AGGRESSIVE;
				CLANG_WARN_UNREACHABLE_CODE = YES;
				CLANG_WARN__DUPLICATE_METHOD_MATCH = YES;
				COPY_PHASE_STRIP = NO;
				DEBUG_INFORMATION_FORMAT = "dwarf-with-dsym";
				ENABLE_NS_ASSERTIONS = NO;
				ENABLE_STRICT_OBJC_MSGSEND = YES;
				GCC_C_LANGUAGE_STANDARD = gnu11;
				GCC_NO_COMMON_BLOCKS = YES;
				GCC_WARN_64_TO_32_BIT_CONVERSION = YES;
				GCC_WARN_ABOUT_RETURN_TYPE = YES_ERROR;
				GCC_WARN_UNDECLARED_SELECTOR = YES;
				GCC_WARN_UNINITIALIZED_AUTOS = YES_AGGRESSIVE;
				GCC_WARN_UNUSED_FUNCTION = YES;
				GCC_WARN_UNUSED_VARIABLE = YES;
				IPHONEOS_DEPLOYMENT_TARGET = 15.0;
				MTL_ENABLE_DEBUG_INFO = NO;
				MTL_FAST_MATH = YES;
				SDKROOT = iphoneos;
				SWIFT_COMPILATION_MODE = wholemodule;
				SWIFT_OPTIMIZATION_LEVEL = "-O";
				VALIDATE_PRODUCT = YES;
			};
			name = Release;
		};
		C321526C27712ADD00E6CC16 /* Debug */ = {
			isa = XCBuildConfiguration;
			buildSettings = {
				ASSETCATALOG_COMPILER_APPICON_NAME = AppIcon;
				ASSETCATALOG_COMPILER_GLOBAL_ACCENT_COLOR_NAME = AccentColor;
				CODE_SIGN_STYLE = Automatic;
				CURRENT_PROJECT_VERSION = 1;
				DEVELOPMENT_TEAM = QW5Q4DEJR2;
				GENERATE_INFOPLIST_FILE = YES;
				INFOPLIST_KEY_NSCameraUsageDescription = "";
				INFOPLIST_KEY_UIApplicationSupportsIndirectInputEvents = YES;
				INFOPLIST_KEY_UILaunchStoryboardName = LaunchScreen;
				INFOPLIST_KEY_UIMainStoryboardFile = Main;
				INFOPLIST_KEY_UIRequiredDeviceCapabilities = arkit;
				INFOPLIST_KEY_UIStatusBarHidden = YES;
				INFOPLIST_KEY_UISupportedInterfaceOrientations_iPad = "UIInterfaceOrientationPortrait UIInterfaceOrientationPortraitUpsideDown UIInterfaceOrientationLandscapeLeft UIInterfaceOrientationLandscapeRight";
				INFOPLIST_KEY_UISupportedInterfaceOrientations_iPhone = "UIInterfaceOrientationPortrait UIInterfaceOrientationLandscapeLeft UIInterfaceOrientationLandscapeRight";
				LD_RUNPATH_SEARCH_PATHS = (
					"$(inherited)",
					"@executable_path/Frameworks",
				);
				MARKETING_VERSION = 1.0;
				PRODUCT_BUNDLE_IDENTIFIER = com.iSpimbi.Poke3D;
				PRODUCT_NAME = "$(TARGET_NAME)";
				SWIFT_EMIT_LOC_STRINGS = YES;
				SWIFT_VERSION = 5.0;
				TARGETED_DEVICE_FAMILY = "1,2";
			};
			name = Debug;
		};
		C321526D27712ADD00E6CC16 /* Release */ = {
			isa = XCBuildConfiguration;
			buildSettings = {
				ASSETCATALOG_COMPILER_APPICON_NAME = AppIcon;
				ASSETCATALOG_COMPILER_GLOBAL_ACCENT_COLOR_NAME = AccentColor;
				CODE_SIGN_STYLE = Automatic;
				CURRENT_PROJECT_VERSION = 1;
				DEVELOPMENT_TEAM = QW5Q4DEJR2;
				GENERATE_INFOPLIST_FILE = YES;
				INFOPLIST_KEY_NSCameraUsageDescription = "";
				INFOPLIST_KEY_UIApplicationSupportsIndirectInputEvents = YES;
				INFOPLIST_KEY_UILaunchStoryboardName = LaunchScreen;
				INFOPLIST_KEY_UIMainStoryboardFile = Main;
				INFOPLIST_KEY_UIRequiredDeviceCapabilities = arkit;
				INFOPLIST_KEY_UIStatusBarHidden = YES;
				INFOPLIST_KEY_UISupportedInterfaceOrientations_iPad = "UIInterfaceOrientationPortrait UIInterfaceOrientationPortraitUpsideDown UIInterfaceOrientationLandscapeLeft UIInterfaceOrientationLandscapeRight";
				INFOPLIST_KEY_UISupportedInterfaceOrientations_iPhone = "UIInterfaceOrientationPortrait UIInterfaceOrientationLandscapeLeft UIInterfaceOrientationLandscapeRight";
				LD_RUNPATH_SEARCH_PATHS = (
					"$(inherited)",
					"@executable_path/Frameworks",
				);
				MARKETING_VERSION = 1.0;
				PRODUCT_BUNDLE_IDENTIFIER = com.iSpimbi.Poke3D;
				PRODUCT_NAME = "$(TARGET_NAME)";
				SWIFT_EMIT_LOC_STRINGS = YES;
				SWIFT_VERSION = 5.0;
				TARGETED_DEVICE_FAMILY = "1,2";
			};
			name = Release;
		};
/* End XCBuildConfiguration section */

/* Begin XCConfigurationList section */
		C321525327712ADA00E6CC16 /* Build configuration list for PBXProject "Poke3D" */ = {
			isa = XCConfigurationList;
			buildConfigurations = (
				C321526927712ADD00E6CC16 /* Debug */,
				C321526A27712ADD00E6CC16 /* Release */,
			);
			defaultConfigurationIsVisible = 0;
			defaultConfigurationName = Release;
		};
		C321526B27712ADD00E6CC16 /* Build configuration list for PBXNativeTarget "Poke3D" */ = {
			isa = XCConfigurationList;
			buildConfigurations = (
				C321526C27712ADD00E6CC16 /* Debug */,
				C321526D27712ADD00E6CC16 /* Release */,
			);
			defaultConfigurationIsVisible = 0;
			defaultConfigurationName = Release;
		};
/* End XCConfigurationList section */
	};
	rootObject = C321525027712ADA00E6CC16 /* Project object */;
}
